
Microsoft Visual Studio Solution File, Format Version 12.00
# Visual Studio Version 16
VisualStudioVersion = 16.0.32002.261
MinimumVisualStudioVersion = 10.0.40219.1
Project("{FAE04EC0-301F-11D3-BF4B-00C04F79EFBC}") = "BookStore", "BookStore\BookStore.csproj", "{B2B9B88F-1EB1-42B0-8B8D-D80F866F250C}"
EndProject
Global
	GlobalSection(SolutionConfigurationPlatforms) = preSolution
		Debug|Any CPU = Debug|Any CPU
		Release|Any CPU = Release|Any CPU
	EndGlobalSection
	GlobalSection(ProjectConfigurationPlatforms) = postSolution
		{B2B9B88F-1EB1-42B0-8B8D-D80F866F250C}.Debug|Any CPU.ActiveCfg = Debug|Any CPU
		{B2B9B88F-1EB1-42B0-8B8D-D80F866F250C}.Debug|Any CPU.Build.0 = Debug|Any CPU
		{B2B9B88F-1EB1-42B0-8B8D-D80F866F250C}.Release|Any CPU.ActiveCfg = Release|Any CPU
		{B2B9B88F-1EB1-42B0-8B8D-D80F866F250C}.Release|Any CPU.Build.0 = Release|Any CPU
	EndGlobalSection
	GlobalSection(SolutionProperties) = preSolution
		HideSolutionNode = FALSE
	EndGlobalSection
	GlobalSection(ExtensibilityGlobals) = postSolution
		SolutionGuid = {72043381-698A-4CE4-BA44-EC3C458AA93F}
	EndGlobalSection
EndGlobal
